PODS:
  - camera (0.0.1):
    - Flutter
  - Flutter (1.0.0)
  - flutter_native_image (0.0.1):
    - Flutter
  - image_face (0.0.1):
    - Flutter
  - image_picker (0.0.1):
    - Flutter
  - MTBBarcodeScanner (5.0.11)
  - path_provider (0.0.1):
    - Flutter
  - qr_code_scanner (0.2.0):
    - Flutter
    - MTBBarcodeScanner

DEPENDENCIES:
  - camera (from `.symlinks/plugins/camera/ios`)
  - Flutter (from `Flutter`)
  - flutter_native_image (from `.symlinks/plugins/flutter_native_image/ios`)
  - image_face (from `.symlinks/plugins/image_face/ios`)
  - image_picker (from `.symlinks/plugins/image_picker/ios`)
  - path_provider (from `.symlinks/plugins/path_provider/ios`)
  - qr_code_scanner (from `.symlinks/plugins/qr_code_scanner/ios`)

SPEC REPOS:
  trunk:
    - MTBBarcodeScanner

EXTERNAL SOURCES:
  camera:
    :path: ".symlinks/plugins/camera/ios"
  Flutter:
    :path: Flutter
  flutter_native_image:
    :path: ".symlinks/plugins/flutter_native_image/ios"
  image_face:
    :path: ".symlinks/plugins/image_face/ios"
  image_picker:
    :path: ".symlinks/plugins/image_picker/ios"
  path_provider:
    :path: ".symlinks/plugins/path_provider/ios"
  qr_code_scanner:
    :path: ".symlinks/plugins/qr_code_scanner/ios"

SPEC CHECKSUMS:
  camera: a0ca5080336f7af47b88436e5e26da3dee5568f0
  Flutter: 434fef37c0980e73bb6479ef766c45957d4b510c
  flutter_native_image: 9c0b7451838484458e5b0fae007b86a4c2d4bdfe
  image_face: eb4d72402534e9ab75953c1fad0329b1ee6df985
  image_picker: 9c3312491f862b28d21ecd8fdf0ee14e601b3f09
  MTBBarcodeScanner: f453b33c4b7dfe545d8c6484ed744d55671788cb
  path_provider: abfe2b5c733d04e238b0d8691db0cfd63a27a93c
  qr_code_scanner: bb67d64904c3b9658ada8c402e8b4d406d5d796e

PODFILE CHECKSUM: aafe91acc616949ddb318b77800a7f51bffa2a4c

COCOAPODS: 1.10.1
